<?xml version="1.0" encoding="UTF-8" standalone="yes" ?>
<CodeBlocks_project_file>
	<FileVersion major="1" minor="6" />
	<Project>
		<Option title="GiiBiiAdvance" />
		<Option platforms="Windows;" />
		<Option pch_mode="2" />
		<Option compiler="gcc" />
		<Build>
			<Target title="Release">
				<Option output=".\GiiBiiAdvance" prefix_auto="1" extension_auto="1" />
				<Option working_dir=".\" />
				<Option object_output=".\build\release\obj\" />
				<Option type="0" />
				<Option compiler="gcc" />
				<Compiler>
					<Add option="-fexpensive-optimizations" />
					<Add option="-O3" />
					<Add option="-Wall" />
				</Compiler>
				<Linker>
					<Add option="-s" />
				</Linker>
			</Target>
			<Target title="Debug">
				<Option output=".\build\debug\GiiBiiAdvance" prefix_auto="1" extension_auto="1" />
				<Option working_dir=".\build\debug\" />
				<Option object_output=".\build\debug\obj\" />
				<Option type="0" />
				<Option compiler="gcc" />
				<Compiler>
					<Add option="-Wall" />
					<Add option="-pg" />
					<Add option="-g" />
				</Compiler>
				<Linker>
					<Add option="-pg -lgmon" />
				</Linker>
			</Target>
		</Build>
		<Compiler>
			<Add option="-Wall" />
			<Add option="-DNO_VIZ" />
			<Add directory="png\libpng-1.5.4" />
			<Add directory="png\zlib-1.2.5" />
		</Compiler>
		<Linker>
			<Add library="gdi32" />
			<Add library="user32" />
			<Add library="kernel32" />
			<Add library="winmm" />
			<Add library="opengl32" />
		</Linker>
		<Unit filename="build_options.h" />
		<Unit filename="config.c">
			<Option compilerVar="CC" />
		</Unit>
		<Unit filename="config.h" />
		<Unit filename="gb_core\cpu.c">
			<Option compilerVar="CC" />
		</Unit>
		<Unit filename="gb_core\cpu.h" />
		<Unit filename="gb_core\debug.c">
			<Option compilerVar="CC" />
		</Unit>
		<Unit filename="gb_core\debug.h" />
		<Unit filename="gb_core\gameboy.h" />
		<Unit filename="gb_core\gb_main.c">
			<Option compilerVar="CC" />
		</Unit>
		<Unit filename="gb_core\gb_main.h" />
		<Unit filename="gb_core\general.c">
			<Option compilerVar="CC" />
		</Unit>
		<Unit filename="gb_core\general.h" />
		<Unit filename="gb_core\interrupts.c">
			<Option compilerVar="CC" />
		</Unit>
		<Unit filename="gb_core\interrupts.h" />
		<Unit filename="gb_core\licensees.c">
			<Option compilerVar="CC" />
		</Unit>
		<Unit filename="gb_core\licensees.h" />
		<Unit filename="gb_core\mbc.c">
			<Option compilerVar="CC" />
		</Unit>
		<Unit filename="gb_core\mbc.h" />
		<Unit filename="gb_core\memory.c">
			<Option compilerVar="CC" />
		</Unit>
		<Unit filename="gb_core\memory.h" />
		<Unit filename="gb_core\noise.c">
			<Option compilerVar="CC" />
		</Unit>
		<Unit filename="gb_core\rom.c">
			<Option compilerVar="CC" />
		</Unit>
		<Unit filename="gb_core\rom.h" />
		<Unit filename="gb_core\serial.c">
			<Option compilerVar="CC" />
		</Unit>
		<Unit filename="gb_core\serial.h" />
		<Unit filename="gb_core\sgb.c">
			<Option compilerVar="CC" />
		</Unit>
		<Unit filename="gb_core\sgb.h" />
		<Unit filename="gb_core\sound.c">
			<Option compilerVar="CC" />
		</Unit>
		<Unit filename="gb_core\sound.h" />
		<Unit filename="gb_core\video.c">
			<Option compilerVar="CC" />
		</Unit>
		<Unit filename="gb_core\video.h" />
		<Unit filename="gba_core\arm.c">
			<Option compilerVar="CC" />
		</Unit>
		<Unit filename="gba_core\bios.c">
			<Option compilerVar="CC" />
		</Unit>
		<Unit filename="gba_core\bios.h" />
		<Unit filename="gba_core\cpu.c">
			<Option compilerVar="CC" />
		</Unit>
		<Unit filename="gba_core\cpu.h" />
		<Unit filename="gba_core\disassembler.c">
			<Option compilerVar="CC" />
		</Unit>
		<Unit filename="gba_core\disassembler.h" />
		<Unit filename="gba_core\dma.c">
			<Option compilerVar="CC" />
		</Unit>
		<Unit filename="gba_core\dma.h" />
		<Unit filename="gba_core\gba.c">
			<Option compilerVar="CC" />
		</Unit>
		<Unit filename="gba_core\gba.h" />
		<Unit filename="gba_core\interrupts.c">
			<Option compilerVar="CC" />
		</Unit>
		<Unit filename="gba_core\interrupts.h" />
		<Unit filename="gba_core\memory.c">
			<Option compilerVar="CC" />
		</Unit>
		<Unit filename="gba_core\memory.h" />
		<Unit filename="gba_core\rom.c">
			<Option compilerVar="CC" />
		</Unit>
		<Unit filename="gba_core\rom.h" />
		<Unit filename="gba_core\save.c">
			<Option compilerVar="CC" />
		</Unit>
		<Unit filename="gba_core\save.h" />
		<Unit filename="gba_core\shifts.h" />
		<Unit filename="gba_core\sound.c">
			<Option compilerVar="CC" />
		</Unit>
		<Unit filename="gba_core\sound.h" />
		<Unit filename="gba_core\thumb.c">
			<Option compilerVar="CC" />
		</Unit>
		<Unit filename="gba_core\timers.c">
			<Option compilerVar="CC" />
		</Unit>
		<Unit filename="gba_core\timers.h" />
		<Unit filename="gba_core\video.c">
			<Option compilerVar="CC" />
		</Unit>
		<Unit filename="gba_core\video.h" />
		<Unit filename="gui_config.c">
			<Option compilerVar="CC" />
		</Unit>
		<Unit filename="gui_config.h" />
		<Unit filename="gui_gb_debugger.c">
			<Option compilerVar="CC" />
		</Unit>
		<Unit filename="gui_gb_debugger.h" />
		<Unit filename="gui_gb_debugger_vram.c">
			<Option compilerVar="CC" />
		</Unit>
		<Unit filename="gui_gb_debugger_vram.h" />
		<Unit filename="gui_gba_debugger.c">
			<Option compilerVar="CC" />
		</Unit>
		<Unit filename="gui_gba_debugger.h" />
		<Unit filename="gui_gba_debugger_vram.c">
			<Option compilerVar="CC" />
		</Unit>
		<Unit filename="gui_gba_debugger_vram.h" />
		<Unit filename="gui_main.c">
			<Option compilerVar="CC" />
		</Unit>
		<Unit filename="gui_main.h" />
		<Unit filename="gui_mainloop.c">
			<Option compilerVar="CC" />
		</Unit>
		<Unit filename="gui_mainloop.h" />
		<Unit filename="gui_sgb_debugger.c">
			<Option compilerVar="CC" />
		</Unit>
		<Unit filename="gui_sgb_debugger.h" />
		<Unit filename="gui_text_windows.c">
			<Option compilerVar="CC" />
		</Unit>
		<Unit filename="gui_text_windows.h" />
		<Unit filename="icon.ico" />
		<Unit filename="main.c">
			<Option compilerVar="CC" />
		</Unit>
		<Unit filename="main.h" />
		<Unit filename="png\libpng-1.5.4\png.c">
			<Option compilerVar="CC" />
		</Unit>
		<Unit filename="png\libpng-1.5.4\png.h" />
		<Unit filename="png\libpng-1.5.4\pngconf.h" />
		<Unit filename="png\libpng-1.5.4\pngdebug.h" />
		<Unit filename="png\libpng-1.5.4\pngerror.c">
			<Option compilerVar="CC" />
		</Unit>
		<Unit filename="png\libpng-1.5.4\pngget.c">
			<Option compilerVar="CC" />
		</Unit>
		<Unit filename="png\libpng-1.5.4\pnginfo.h" />
		<Unit filename="png\libpng-1.5.4\pnglibconf.h" />
		<Unit filename="png\libpng-1.5.4\pngmem.c">
			<Option compilerVar="CC" />
		</Unit>
		<Unit filename="png\libpng-1.5.4\pngpread.c">
			<Option compilerVar="CC" />
		</Unit>
		<Unit filename="png\libpng-1.5.4\pngpriv.h" />
		<Unit filename="png\libpng-1.5.4\pngread.c">
			<Option compilerVar="CC" />
		</Unit>
		<Unit filename="png\libpng-1.5.4\pngrio.c">
			<Option compilerVar="CC" />
		</Unit>
		<Unit filename="png\libpng-1.5.4\pngrtran.c">
			<Option compilerVar="CC" />
		</Unit>
		<Unit filename="png\libpng-1.5.4\pngrutil.c">
			<Option compilerVar="CC" />
		</Unit>
		<Unit filename="png\libpng-1.5.4\pngset.c">
			<Option compilerVar="CC" />
		</Unit>
		<Unit filename="png\libpng-1.5.4\pngstruct.h" />
		<Unit filename="png\libpng-1.5.4\pngtrans.c">
			<Option compilerVar="CC" />
		</Unit>
		<Unit filename="png\libpng-1.5.4\pngwio.c">
			<Option compilerVar="CC" />
		</Unit>
		<Unit filename="png\libpng-1.5.4\pngwrite.c">
			<Option compilerVar="CC" />
		</Unit>
		<Unit filename="png\libpng-1.5.4\pngwtran.c">
			<Option compilerVar="CC" />
		</Unit>
		<Unit filename="png\libpng-1.5.4\pngwutil.c">
			<Option compilerVar="CC" />
		</Unit>
		<Unit filename="png\zlib-1.2.5\adler32.c">
			<Option compilerVar="CC" />
		</Unit>
		<Unit filename="png\zlib-1.2.5\compress.c">
			<Option compilerVar="CC" />
		</Unit>
		<Unit filename="png\zlib-1.2.5\crc32.c">
			<Option compilerVar="CC" />
		</Unit>
		<Unit filename="png\zlib-1.2.5\crc32.h" />
		<Unit filename="png\zlib-1.2.5\deflate.c">
			<Option compilerVar="CC" />
		</Unit>
		<Unit filename="png\zlib-1.2.5\deflate.h" />
		<Unit filename="png\zlib-1.2.5\gzclose.c">
			<Option compilerVar="CC" />
		</Unit>
		<Unit filename="png\zlib-1.2.5\gzguts.h" />
		<Unit filename="png\zlib-1.2.5\gzlib.c">
			<Option compilerVar="CC" />
		</Unit>
		<Unit filename="png\zlib-1.2.5\gzread.c">
			<Option compilerVar="CC" />
		</Unit>
		<Unit filename="png\zlib-1.2.5\gzwrite.c">
			<Option compilerVar="CC" />
		</Unit>
		<Unit filename="png\zlib-1.2.5\infback.c">
			<Option compilerVar="CC" />
		</Unit>
		<Unit filename="png\zlib-1.2.5\inffast.c">
			<Option compilerVar="CC" />
		</Unit>
		<Unit filename="png\zlib-1.2.5\inffast.h" />
		<Unit filename="png\zlib-1.2.5\inffixed.h" />
		<Unit filename="png\zlib-1.2.5\inflate.c">
			<Option compilerVar="CC" />
		</Unit>
		<Unit filename="png\zlib-1.2.5\inflate.h" />
		<Unit filename="png\zlib-1.2.5\inftrees.c">
			<Option compilerVar="CC" />
		</Unit>
		<Unit filename="png\zlib-1.2.5\inftrees.h" />
		<Unit filename="png\zlib-1.2.5\trees.c">
			<Option compilerVar="CC" />
		</Unit>
		<Unit filename="png\zlib-1.2.5\trees.h" />
		<Unit filename="png\zlib-1.2.5\uncompr.c">
			<Option compilerVar="CC" />
		</Unit>
		<Unit filename="png\zlib-1.2.5\zconf.h" />
		<Unit filename="png\zlib-1.2.5\zlib.h" />
		<Unit filename="png\zlib-1.2.5\zutil.c">
			<Option compilerVar="CC" />
		</Unit>
		<Unit filename="png\zlib-1.2.5\zutil.h" />
		<Unit filename="resource.h" />
		<Unit filename="resource.rc">
			<Option compilerVar="WINDRES" />
		</Unit>
		<Unit filename="save_png.c">
			<Option compilerVar="CC" />
		</Unit>
		<Unit filename="save_png.h" />
		<Unit filename="splash.bmp" />
		<Unit filename="splash.c">
			<Option compilerVar="CC" />
		</Unit>
		<Unit filename="splash.h" />
		<Unit filename="text_data.c">
			<Option compilerVar="CC" />
		</Unit>
		<Extensions>
			<code_completion />
			<debugger />
			<wxsmith version="1">
				<gui name="wxWidgets" src="" main="" init_handlers="necessary" language="CPP" />
			</wxsmith>
		</Extensions>
	</Project>
</CodeBlocks_project_file>
